
Microsoft Visual Studio Solution File, Format Version 12.00
# Visual Studio Version 16
VisualStudioVersion = 16.0.30907.101
MinimumVisualStudioVersion = 15.0.26124.0
Project("{6EC3EE1D-3C4E-46DD-8F32-0CC8E7565705}") = "RandomMonad", "RandomMonad\RandomMonad.fsproj", "{ED7FA6F6-8245-4EBC-9178-D0A8364D7B3D}"
EndProject
Project("{6EC3EE1D-3C4E-46DD-8F32-0CC8E7565705}") = "FSharpGeneticAlgorithm", "GeneticAlgorithm\FSharpGeneticAlgorithm.fsproj", "{812F8C85-BA46-4D1B-AA35-C80835E81F76}"
EndProject
Project("{9A19103F-16F7-4668-BE54-9A1E7A4F7556}") = "GAUnitTests", "GAUnitTests\GAUnitTests.csproj", "{6953A423-2416-4016-93B5-445E91BC67A2}"
EndProject
Project("{6EC3EE1D-3C4E-46DD-8F32-0CC8E7565705}") = "ScheduleModel", "ScheduleModel\ScheduleModel.fsproj", "{FB8A5AAB-3EE3-4EEC-8576-81B360B58702}"
EndProject
Project("{6EC3EE1D-3C4E-46DD-8F32-0CC8E7565705}") = "TSPModel", "TSPModel\TSPModel.fsproj", "{18276309-A1C0-484E-A86E-7DA1F1F543B9}"
EndProject
Project("{9A19103F-16F7-4668-BE54-9A1E7A4F7556}") = "ScheduleUnitTests", "ScheduleUnitTests\ScheduleUnitTests.csproj", "{810D7F80-8DB0-4801-82B2-6A9B76A46700}"
EndProject
Project("{9A19103F-16F7-4668-BE54-9A1E7A4F7556}") = "ScheduleView", "ScheduleView\ScheduleView.csproj", "{2FF863AA-9802-41AB-AE3F-89A32E94B807}"
EndProject
Project("{9A19103F-16F7-4668-BE54-9A1E7A4F7556}") = "TSPView", "TSPView\TSPView.csproj", "{A32C3FA4-51BA-4A41-A290-DDA2729C62FE}"
EndProject
Project("{9A19103F-16F7-4668-BE54-9A1E7A4F7556}") = "CSharpGeneticAlgorithm", "CSharpSchedule\CSharpGeneticAlgorithm.csproj", "{623783AA-A0C2-4EE2-8AC5-3DD32A565115}"
EndProject
Global
	GlobalSection(SolutionConfigurationPlatforms) = preSolution
		Debug|Any CPU = Debug|Any CPU
		Debug|x64 = Debug|x64
		Debug|x86 = Debug|x86
		Release|Any CPU = Release|Any CPU
		Release|x64 = Release|x64
		Release|x86 = Release|x86
	EndGlobalSection
	GlobalSection(ProjectConfigurationPlatforms) = postSolution
		{ED7FA6F6-8245-4EBC-9178-D0A8364D7B3D}.Debug|Any CPU.ActiveCfg = Debug|Any CPU
		{ED7FA6F6-8245-4EBC-9178-D0A8364D7B3D}.Debug|Any CPU.Build.0 = Debug|Any CPU
		{ED7FA6F6-8245-4EBC-9178-D0A8364D7B3D}.Debug|x64.ActiveCfg = Debug|Any CPU
		{ED7FA6F6-8245-4EBC-9178-D0A8364D7B3D}.Debug|x64.Build.0 = Debug|Any CPU
		{ED7FA6F6-8245-4EBC-9178-D0A8364D7B3D}.Debug|x86.ActiveCfg = Debug|Any CPU
		{ED7FA6F6-8245-4EBC-9178-D0A8364D7B3D}.Debug|x86.Build.0 = Debug|Any CPU
		{ED7FA6F6-8245-4EBC-9178-D0A8364D7B3D}.Release|Any CPU.ActiveCfg = Release|Any CPU
		{ED7FA6F6-8245-4EBC-9178-D0A8364D7B3D}.Release|Any CPU.Build.0 = Release|Any CPU
		{ED7FA6F6-8245-4EBC-9178-D0A8364D7B3D}.Release|x64.ActiveCfg = Release|Any CPU
		{ED7FA6F6-8245-4EBC-9178-D0A8364D7B3D}.Release|x64.Build.0 = Release|Any CPU
		{ED7FA6F6-8245-4EBC-9178-D0A8364D7B3D}.Release|x86.ActiveCfg = Release|Any CPU
		{ED7FA6F6-8245-4EBC-9178-D0A8364D7B3D}.Release|x86.Build.0 = Release|Any CPU
		{812F8C85-BA46-4D1B-AA35-C80835E81F76}.Debug|Any CPU.ActiveCfg = Debug|Any CPU
		{812F8C85-BA46-4D1B-AA35-C80835E81F76}.Debug|Any CPU.Build.0 = Debug|Any CPU
		{812F8C85-BA46-4D1B-AA35-C80835E81F76}.Debug|x64.ActiveCfg = Debug|Any CPU
		{812F8C85-BA46-4D1B-AA35-C80835E81F76}.Debug|x64.Build.0 = Debug|Any CPU
		{812F8C85-BA46-4D1B-AA35-C80835E81F76}.Debug|x86.ActiveCfg = Debug|Any CPU
		{812F8C85-BA46-4D1B-AA35-C80835E81F76}.Debug|x86.Build.0 = Debug|Any CPU
		{812F8C85-BA46-4D1B-AA35-C80835E81F76}.Release|Any CPU.ActiveCfg = Release|Any CPU
		{812F8C85-BA46-4D1B-AA35-C80835E81F76}.Release|Any CPU.Build.0 = Release|Any CPU
		{812F8C85-BA46-4D1B-AA35-C80835E81F76}.Release|x64.ActiveCfg = Release|Any CPU
		{812F8C85-BA46-4D1B-AA35-C80835E81F76}.Release|x64.Build.0 = Release|Any CPU
		{812F8C85-BA46-4D1B-AA35-C80835E81F76}.Release|x86.ActiveCfg = Release|Any CPU
		{812F8C85-BA46-4D1B-AA35-C80835E81F76}.Release|x86.Build.0 = Release|Any CPU
		{6953A423-2416-4016-93B5-445E91BC67A2}.Debug|Any CPU.ActiveCfg = Debug|Any CPU
		{6953A423-2416-4016-93B5-445E91BC67A2}.Debug|Any CPU.Build.0 = Debug|Any CPU
		{6953A423-2416-4016-93B5-445E91BC67A2}.Debug|x64.ActiveCfg = Debug|Any CPU
		{6953A423-2416-4016-93B5-445E91BC67A2}.Debug|x64.Build.0 = Debug|Any CPU
		{6953A423-2416-4016-93B5-445E91BC67A2}.Debug|x86.ActiveCfg = Debug|Any CPU
		{6953A423-2416-4016-93B5-445E91BC67A2}.Debug|x86.Build.0 = Debug|Any CPU
		{6953A423-2416-4016-93B5-445E91BC67A2}.Release|Any CPU.ActiveCfg = Release|Any CPU
		{6953A423-2416-4016-93B5-445E91BC67A2}.Release|Any CPU.Build.0 = Release|Any CPU
		{6953A423-2416-4016-93B5-445E91BC67A2}.Release|x64.ActiveCfg = Release|Any CPU
		{6953A423-2416-4016-93B5-445E91BC67A2}.Release|x64.Build.0 = Release|Any CPU
		{6953A423-2416-4016-93B5-445E91BC67A2}.Release|x86.ActiveCfg = Release|Any CPU
		{6953A423-2416-4016-93B5-445E91BC67A2}.Release|x86.Build.0 = Release|Any CPU
		{FB8A5AAB-3EE3-4EEC-8576-81B360B58702}.Debug|Any CPU.ActiveCfg = Debug|Any CPU
		{FB8A5AAB-3EE3-4EEC-8576-81B360B58702}.Debug|Any CPU.Build.0 = Debug|Any CPU
		{FB8A5AAB-3EE3-4EEC-8576-81B360B58702}.Debug|x64.ActiveCfg = Debug|Any CPU
		{FB8A5AAB-3EE3-4EEC-8576-81B360B58702}.Debug|x64.Build.0 = Debug|Any CPU
		{FB8A5AAB-3EE3-4EEC-8576-81B360B58702}.Debug|x86.ActiveCfg = Debug|Any CPU
		{FB8A5AAB-3EE3-4EEC-8576-81B360B58702}.Debug|x86.Build.0 = Debug|Any CPU
		{FB8A5AAB-3EE3-4EEC-8576-81B360B58702}.Release|Any CPU.ActiveCfg = Release|Any CPU
		{FB8A5AAB-3EE3-4EEC-8576-81B360B58702}.Release|Any CPU.Build.0 = Release|Any CPU
		{FB8A5AAB-3EE3-4EEC-8576-81B360B58702}.Release|x64.ActiveCfg = Release|Any CPU
		{FB8A5AAB-3EE3-4EEC-8576-81B360B58702}.Release|x64.Build.0 = Release|Any CPU
		{FB8A5AAB-3EE3-4EEC-8576-81B360B58702}.Release|x86.ActiveCfg = Release|Any CPU
		{FB8A5AAB-3EE3-4EEC-8576-81B360B58702}.Release|x86.Build.0 = Release|Any CPU
		{18276309-A1C0-484E-A86E-7DA1F1F543B9}.Debug|Any CPU.ActiveCfg = Debug|Any CPU
		{18276309-A1C0-484E-A86E-7DA1F1F543B9}.Debug|Any CPU.Build.0 = Debug|Any CPU
		{18276309-A1C0-484E-A86E-7DA1F1F543B9}.Debug|x64.ActiveCfg = Debug|Any CPU
		{18276309-A1C0-484E-A86E-7DA1F1F543B9}.Debug|x64.Build.0 = Debug|Any CPU
		{18276309-A1C0-484E-A86E-7DA1F1F543B9}.Debug|x86.ActiveCfg = Debug|Any CPU
		{18276309-A1C0-484E-A86E-7DA1F1F543B9}.Debug|x86.Build.0 = Debug|Any CPU
		{18276309-A1C0-484E-A86E-7DA1F1F543B9}.Release|Any CPU.ActiveCfg = Release|Any CPU
		{18276309-A1C0-484E-A86E-7DA1F1F543B9}.Release|Any CPU.Build.0 = Release|Any CPU
		{18276309-A1C0-484E-A86E-7DA1F1F543B9}.Release|x64.ActiveCfg = Release|Any CPU
		{18276309-A1C0-484E-A86E-7DA1F1F543B9}.Release|x64.Build.0 = Release|Any CPU
		{18276309-A1C0-484E-A86E-7DA1F1F543B9}.Release|x86.ActiveCfg = Release|Any CPU
		{18276309-A1C0-484E-A86E-7DA1F1F543B9}.Release|x86.Build.0 = Release|Any CPU
		{810D7F80-8DB0-4801-82B2-6A9B76A46700}.Debug|Any CPU.ActiveCfg = Debug|Any CPU
		{810D7F80-8DB0-4801-82B2-6A9B76A46700}.Debug|Any CPU.Build.0 = Debug|Any CPU
		{810D7F80-8DB0-4801-82B2-6A9B76A46700}.Debug|x64.ActiveCfg = Debug|Any CPU
		{810D7F80-8DB0-4801-82B2-6A9B76A46700}.Debug|x64.Build.0 = Debug|Any CPU
		{810D7F80-8DB0-4801-82B2-6A9B76A46700}.Debug|x86.ActiveCfg = Debug|Any CPU
		{810D7F80-8DB0-4801-82B2-6A9B76A46700}.Debug|x86.Build.0 = Debug|Any CPU
		{810D7F80-8DB0-4801-82B2-6A9B76A46700}.Release|Any CPU.ActiveCfg = Release|Any CPU
		{810D7F80-8DB0-4801-82B2-6A9B76A46700}.Release|Any CPU.Build.0 = Release|Any CPU
		{810D7F80-8DB0-4801-82B2-6A9B76A46700}.Release|x64.ActiveCfg = Release|Any CPU
		{810D7F80-8DB0-4801-82B2-6A9B76A46700}.Release|x64.Build.0 = Release|Any CPU
		{810D7F80-8DB0-4801-82B2-6A9B76A46700}.Release|x86.ActiveCfg = Release|Any CPU
		{810D7F80-8DB0-4801-82B2-6A9B76A46700}.Release|x86.Build.0 = Release|Any CPU
		{2FF863AA-9802-41AB-AE3F-89A32E94B807}.Debug|Any CPU.ActiveCfg = Debug|Any CPU
		{2FF863AA-9802-41AB-AE3F-89A32E94B807}.Debug|Any CPU.Build.0 = Debug|Any CPU
		{2FF863AA-9802-41AB-AE3F-89A32E94B807}.Debug|x64.ActiveCfg = Debug|Any CPU
		{2FF863AA-9802-41AB-AE3F-89A32E94B807}.Debug|x64.Build.0 = Debug|Any CPU
		{2FF863AA-9802-41AB-AE3F-89A32E94B807}.Debug|x86.ActiveCfg = Debug|Any CPU
		{2FF863AA-9802-41AB-AE3F-89A32E94B807}.Debug|x86.Build.0 = Debug|Any CPU
		{2FF863AA-9802-41AB-AE3F-89A32E94B807}.Release|Any CPU.ActiveCfg = Release|Any CPU
		{2FF863AA-9802-41AB-AE3F-89A32E94B807}.Release|Any CPU.Build.0 = Release|Any CPU
		{2FF863AA-9802-41AB-AE3F-89A32E94B807}.Release|x64.ActiveCfg = Release|Any CPU
		{2FF863AA-9802-41AB-AE3F-89A32E94B807}.Release|x64.Build.0 = Release|Any CPU
		{2FF863AA-9802-41AB-AE3F-89A32E94B807}.Release|x86.ActiveCfg = Release|Any CPU
		{2FF863AA-9802-41AB-AE3F-89A32E94B807}.Release|x86.Build.0 = Release|Any CPU
		{A32C3FA4-51BA-4A41-A290-DDA2729C62FE}.Debug|Any CPU.ActiveCfg = Debug|Any CPU
		{A32C3FA4-51BA-4A41-A290-DDA2729C62FE}.Debug|Any CPU.Build.0 = Debug|Any CPU
		{A32C3FA4-51BA-4A41-A290-DDA2729C62FE}.Debug|x64.ActiveCfg = Debug|Any CPU
		{A32C3FA4-51BA-4A41-A290-DDA2729C62FE}.Debug|x64.Build.0 = Debug|Any CPU
		{A32C3FA4-51BA-4A41-A290-DDA2729C62FE}.Debug|x86.ActiveCfg = Debug|Any CPU
		{A32C3FA4-51BA-4A41-A290-DDA2729C62FE}.Debug|x86.Build.0 = Debug|Any CPU
		{A32C3FA4-51BA-4A41-A290-DDA2729C62FE}.Release|Any CPU.ActiveCfg = Release|Any CPU
		{A32C3FA4-51BA-4A41-A290-DDA2729C62FE}.Release|Any CPU.Build.0 = Release|Any CPU
		{A32C3FA4-51BA-4A41-A290-DDA2729C62FE}.Release|x64.ActiveCfg = Release|Any CPU
		{A32C3FA4-51BA-4A41-A290-DDA2729C62FE}.Release|x64.Build.0 = Release|Any CPU
		{A32C3FA4-51BA-4A41-A290-DDA2729C62FE}.Release|x86.ActiveCfg = Release|Any CPU
		{A32C3FA4-51BA-4A41-A290-DDA2729C62FE}.Release|x86.Build.0 = Release|Any CPU
		{623783AA-A0C2-4EE2-8AC5-3DD32A565115}.Debug|Any CPU.ActiveCfg = Debug|Any CPU
		{623783AA-A0C2-4EE2-8AC5-3DD32A565115}.Debug|Any CPU.Build.0 = Debug|Any CPU
		{623783AA-A0C2-4EE2-8AC5-3DD32A565115}.Debug|x64.ActiveCfg = Debug|Any CPU
		{623783AA-A0C2-4EE2-8AC5-3DD32A565115}.Debug|x64.Build.0 = Debug|Any CPU
		{623783AA-A0C2-4EE2-8AC5-3DD32A565115}.Debug|x86.ActiveCfg = Debug|Any CPU
		{623783AA-A0C2-4EE2-8AC5-3DD32A565115}.Debug|x86.Build.0 = Debug|Any CPU
		{623783AA-A0C2-4EE2-8AC5-3DD32A565115}.Release|Any CPU.ActiveCfg = Release|Any CPU
		{623783AA-A0C2-4EE2-8AC5-3DD32A565115}.Release|Any CPU.Build.0 = Release|Any CPU
		{623783AA-A0C2-4EE2-8AC5-3DD32A565115}.Release|x64.ActiveCfg = Release|Any CPU
		{623783AA-A0C2-4EE2-8AC5-3DD32A565115}.Release|x64.Build.0 = Release|Any CPU
		{623783AA-A0C2-4EE2-8AC5-3DD32A565115}.Release|x86.ActiveCfg = Release|Any CPU
		{623783AA-A0C2-4EE2-8AC5-3DD32A565115}.Release|x86.Build.0 = Release|Any CPU
	EndGlobalSection
	GlobalSection(SolutionProperties) = preSolution
		HideSolutionNode = FALSE
	EndGlobalSection
	GlobalSection(ExtensibilityGlobals) = postSolution
		SolutionGuid = {73C93CB6-AB4E-444A-A7F2-DB969E09C6ED}
	EndGlobalSection
EndGlobal
